// !$*UTF8*$!
{
	archiveVersion = 1;
	classes = {
	};
	objectVersion = 50;
	objects = {

/* Begin PBXBuildFile section */
		DC36572629FA4BAA000AFFC2 /* AppDelegate.swift in Sources */ = {isa = PBXBuildFile; fileRef = DC36572529FA4BAA000AFFC2 /* AppDelegate.swift */; };
		DC36572829FA4BAA000AFFC2 /* SceneDelegate.swift in Sources */ = {isa = PBXBuildFile; fileRef = DC36572729FA4BAA000AFFC2 /* SceneDelegate.swift */; };
		DC36572A29FA4BAA000AFFC2 /* ViewController.swift in Sources */ = {isa = PBXBuildFile; fileRef = DC36572929FA4BAA000AFFC2 /* ViewController.swift */; };
		DC36572D29FA4BAA000AFFC2 /* Main.storyboard in Resources */ = {isa = PBXBuildFile; fileRef = DC36572B29FA4BAA000AFFC2 /* Main.storyboard */; };
		DC36572F29FA4BB6000AFFC2 /* Assets.xcassets in Resources */ = {isa = PBXBuildFile; fileRef = DC36572E29FA4BB6000AFFC2 /* Assets.xcassets */; };
		DC36573229FA4BB6000AFFC2 /* LaunchScreen.storyboard in Resources */ = {isa = PBXBuildFile; fileRef = DC36573029FA4BB6000AFFC2 /* LaunchScreen.storyboard */; };
		DC36573D29FA4BB7000AFFC2 /* NY_TimesTests.swift in Sources */ = {isa = PBXBuildFile; fileRef = DC36573C29FA4BB7000AFFC2 /* NY_TimesTests.swift */; };
		DC36574829FA4BB7000AFFC2 /* NY_TimesUITests.swift in Sources */ = {isa = PBXBuildFile; fileRef = DC36574729FA4BB7000AFFC2 /* NY_TimesUITests.swift */; };
/* End PBXBuildFile section */

/* Begin PBXContainerItemProxy section */
		DC36573929FA4BB7000AFFC2 /* PBXContainerItemProxy */ = {
			isa = PBXContainerItemProxy;
			containerPortal = DC36571A29FA4BAA000AFFC2 /* Project object */;
			proxyType = 1;
			remoteGlobalIDString = DC36572129FA4BAA000AFFC2;
			remoteInfo = "NY Times";
		};
		DC36574429FA4BB7000AFFC2 /* PBXContainerItemProxy */ = {
			isa = PBXContainerItemProxy;
			containerPortal = DC36571A29FA4BAA000AFFC2 /* Project object */;
			proxyType = 1;
			remoteGlobalIDString = DC36572129FA4BAA000AFFC2;
			remoteInfo = "NY Times";
		};
/* End PBXContainerItemProxy section */

/* Begin PBXFileReference section */
		DC36572229FA4BAA000AFFC2 /* NY Times.app */ = {isa = PBXFileReference; explicitFileType = wrapper.application; includeInIndex = 0; path = "NY Times.app"; sourceTree = BUILT_PRODUCTS_DIR; };
		DC36572529FA4BAA000AFFC2 /* AppDelegate.swift */ = {isa = PBXFileReference; lastKnownFileType = sourcecode.swift; path = AppDelegate.swift; sourceTree = "<group>"; };
		DC36572729FA4BAA000AFFC2 /* SceneDelegate.swift */ = {isa = PBXFileReference; lastKnownFileType = sourcecode.swift; path = SceneDelegate.swift; sourceTree = "<group>"; };
		DC36572929FA4BAA000AFFC2 /* ViewController.swift */ = {isa = PBXFileReference; lastKnownFileType = sourcecode.swift; path = ViewController.swift; sourceTree = "<group>"; };
		DC36572C29FA4BAA000AFFC2 /* Base */ = {isa = PBXFileReference; lastKnownFileType = file.storyboard; name = Base; path = Base.lproj/Main.storyboard; sourceTree = "<group>"; };
		DC36572E29FA4BB6000AFFC2 /* Assets.xcassets */ = {isa = PBXFileReference; lastKnownFileType = folder.assetcatalog; path = Assets.xcassets; sourceTree = "<group>"; };
		DC36573129FA4BB6000AFFC2 /* Base */ = {isa = PBXFileReference; lastKnownFileType = file.storyboard; name = Base; path = Base.lproj/LaunchScreen.storyboard; sourceTree = "<group>"; };
		DC36573329FA4BB6000AFFC2 /* Info.plist */ = {isa = PBXFileReference; lastKnownFileType = text.plist.xml; path = Info.plist; sourceTree = "<group>"; };
		DC36573829FA4BB7000AFFC2 /* NY TimesTests.xctest */ = {isa = PBXFileReference; explicitFileType = wrapper.cfbundle; includeInIndex = 0; path = "NY TimesTests.xctest"; sourceTree = BUILT_PRODUCTS_DIR; };
		DC36573C29FA4BB7000AFFC2 /* NY_TimesTests.swift */ = {isa = PBXFileReference; lastKnownFileType = sourcecode.swift; path = NY_TimesTests.swift; sourceTree = "<group>"; };
		DC36573E29FA4BB7000AFFC2 /* Info.plist */ = {isa = PBXFileReference; lastKnownFileType = text.plist.xml; path = Info.plist; sourceTree = "<group>"; };
		DC36574329FA4BB7000AFFC2 /* NY TimesUITests.xctest */ = {isa = PBXFileReference; explicitFileType = wrapper.cfbundle; includeInIndex = 0; path = "NY TimesUITests.xctest"; sourceTree = BUILT_PRODUCTS_DIR; };
		DC36574729FA4BB7000AFFC2 /* NY_TimesUITests.swift */ = {isa = PBXFileReference; lastKnownFileType = sourcecode.swift; path = NY_TimesUITests.swift; sourceTree = "<group>"; };
		DC36574929FA4BB7000AFFC2 /* Info.plist */ = {isa = PBXFileReference; lastKnownFileType = text.plist.xml; path = Info.plist; sourceTree = "<group>"; };
/* End PBXFileReference section */

/* Begin PBXFrameworksBuildPhase section */
		DC36571F29FA4BAA000AFFC2 /* Frameworks */ = {
			isa = PBXFrameworksBuildPhase;
			buildActionMask = 2147483647;
			files = (
			);
			runOnlyForDeploymentPostprocessing = 0;
		};
		DC36573529FA4BB6000AFFC2 /* Frameworks */ = {
			isa = PBXFrameworksBuildPhase;
			buildActionMask = 2147483647;
			files = (
			);
			runOnlyForDeploymentPostprocessing = 0;
		};
		DC36574029FA4BB7000AFFC2 /* Frameworks */ = {
			isa = PBXFrameworksBuildPhase;
			buildActionMask = 2147483647;
			files = (
			);
			runOnlyForDeploymentPostprocessing = 0;
		};
/* End PBXFrameworksBuildPhase section */

/* Begin PBXGroup section */
		DC36571929FA4BAA000AFFC2 = {
			isa = PBXGroup;
			children = (
				DC36572429FA4BAA000AFFC2 /* NY Times */,
				DC36573B29FA4BB7000AFFC2 /* NY TimesTests */,
				DC36574629FA4BB7000AFFC2 /* NY TimesUITests */,
				DC36572329FA4BAA000AFFC2 /* Products */,
			);
			sourceTree = "<group>";
		};
		DC36572329FA4BAA000AFFC2 /* Products */ = {
			isa = PBXGroup;
			children = (
				DC36572229FA4BAA000AFFC2 /* NY Times.app */,
				DC36573829FA4BB7000AFFC2 /* NY TimesTests.xctest */,
				DC36574329FA4BB7000AFFC2 /* NY TimesUITests.xctest */,
			);
			name = Products;
			sourceTree = "<group>";
		};
		DC36572429FA4BAA000AFFC2 /* NY Times */ = {
			isa = PBXGroup;
			children = (
				DC36572529FA4BAA000AFFC2 /* AppDelegate.swift */,
				DC36572729FA4BAA000AFFC2 /* SceneDelegate.swift */,
				DC36572929FA4BAA000AFFC2 /* ViewController.swift */,
				DC36572B29FA4BAA000AFFC2 /* Main.storyboard */,
				DC36572E29FA4BB6000AFFC2 /* Assets.xcassets */,
				DC36573029FA4BB6000AFFC2 /* LaunchScreen.storyboard */,
				DC36573329FA4BB6000AFFC2 /* Info.plist */,
			);
			path = "NY Times";
			sourceTree = "<group>";
		};
		DC36573B29FA4BB7000AFFC2 /* NY TimesTests */ = {
			isa = PBXGroup;
			children = (
				DC36573C29FA4BB7000AFFC2 /* NY_TimesTests.swift */,
				DC36573E29FA4BB7000AFFC2 /* Info.plist */,
			);
			path = "NY TimesTests";
			sourceTree = "<group>";
		};
		DC36574629FA4BB7000AFFC2 /* NY TimesUITests */ = {
			isa = PBXGroup;
			children = (
				DC36574729FA4BB7000AFFC2 /* NY_TimesUITests.swift */,
				DC36574929FA4BB7000AFFC2 /* Info.plist */,
			);
			path = "NY TimesUITests";
			sourceTree = "<group>";
		};
/* End PBXGroup section */

/* Begin PBXNativeTarget section */
		DC36572129FA4BAA000AFFC2 /* NY Times */ = {
			isa = PBXNativeTarget;
			buildConfigurationList = DC36574C29FA4BB7000AFFC2 /* Build configuration list for PBXNativeTarget "NY Times" */;
			buildPhases = (
				DC36571E29FA4BAA000AFFC2 /* Sources */,
				DC36571F29FA4BAA000AFFC2 /* Frameworks */,
				DC36572029FA4BAA000AFFC2 /* Resources */,
			);
			buildRules = (
			);
			dependencies = (
			);
			name = "NY Times";
			productName = "NY Times";
			productReference = DC36572229FA4BAA000AFFC2 /* NY Times.app */;
			productType = "com.apple.product-type.application";
		};
		DC36573729FA4BB6000AFFC2 /* NY TimesTests */ = {
			isa = PBXNativeTarget;
			buildConfigurationList = DC36574F29FA4BB7000AFFC2 /* Build configuration list for PBXNativeTarget "NY TimesTests" */;
			buildPhases = (
				DC36573429FA4BB6000AFFC2 /* Sources */,
				DC36573529FA4BB6000AFFC2 /* Frameworks */,
				DC36573629FA4BB6000AFFC2 /* Resources */,
			);
			buildRules = (
			);
			dependencies = (
				DC36573A29FA4BB7000AFFC2 /* PBXTargetDependency */,
			);
			name = "NY TimesTests";
			productName = "NY TimesTests";
			productReference = DC36573829FA4BB7000AFFC2 /* NY TimesTests.xctest */;
			productType = "com.apple.product-type.bundle.unit-test";
		};
		DC36574229FA4BB7000AFFC2 /* NY TimesUITests */ = {
			isa = PBXNativeTarget;
			buildConfigurationList = DC36575229FA4BB7000AFFC2 /* Build configuration list for PBXNativeTarget "NY TimesUITests" */;
			buildPhases = (
				DC36573F29FA4BB7000AFFC2 /* Sources */,
				DC36574029FA4BB7000AFFC2 /* Frameworks */,
				DC36574129FA4BB7000AFFC2 /* Resources */,
			);
			buildRules = (
			);
			dependencies = (
				DC36574529FA4BB7000AFFC2 /* PBXTargetDependency */,
			);
			name = "NY TimesUITests";
			productName = "NY TimesUITests";
			productReference = DC36574329FA4BB7000AFFC2 /* NY TimesUITests.xctest */;
			productType = "com.apple.product-type.bundle.ui-testing";
		};
/* End PBXNativeTarget section */

/* Begin PBXProject section */
		DC36571A29FA4BAA000AFFC2 /* Project object */ = {
			isa = PBXProject;
			attributes = {
				LastSwiftUpdateCheck = 1240;
				LastUpgradeCheck = 1240;
				TargetAttributes = {
					DC36572129FA4BAA000AFFC2 = {
						CreatedOnToolsVersion = 12.4;
					};
					DC36573729FA4BB6000AFFC2 = {
						CreatedOnToolsVersion = 12.4;
						TestTargetID = DC36572129FA4BAA000AFFC2;
					};
					DC36574229FA4BB7000AFFC2 = {
						CreatedOnToolsVersion = 12.4;
						TestTargetID = DC36572129FA4BAA000AFFC2;
					};
				};
			};
			buildConfigurationList = DC36571D29FA4BAA000AFFC2 /* Build configuration list for PBXProject "NY Times" */;
			compatibilityVersion = "Xcode 9.3";
			developmentRegion = en;
			hasScannedForEncodings = 0;
			knownRegions = (
				en,
				Base,
			);
			mainGroup = DC36571929FA4BAA000AFFC2;
			productRefGroup = DC36572329FA4BAA000AFFC2 /* Products */;
			projectDirPath = "";
			projectRoot = "";
			targets = (
				DC36572129FA4BAA000AFFC2 /* NY Times */,
				DC36573729FA4BB6000AFFC2 /* NY TimesTests */,
				DC36574229FA4BB7000AFFC2 /* NY TimesUITests */,
			);
		};
/* End PBXProject section */

/* Begin PBXResourcesBuildPhase section */
		DC36572029FA4BAA000AFFC2 /* Resources */ = {
			isa = PBXResourcesBuildPhase;
			buildActionMask = 2147483647;
			files = (
				DC36573229FA4BB6000AFFC2 /* LaunchScreen.storyboard in Resources */,
				DC36572F29FA4BB6000AFFC2 /* Assets.xcassets in Resources */,
				DC36572D29FA4BAA000AFFC2 /* Main.storyboard in Resources */,
			);
			runOnlyForDeploymentPostprocessing = 0;
		};
		DC36573629FA4BB6000AFFC2 /* Resources */ = {
			isa = PBXResourcesBuildPhase;
			buildActionMask = 2147483647;
			files = (
			);
			runOnlyForDeploymentPostprocessing = 0;
		};
		DC36574129FA4BB7000AFFC2 /* Resources */ = {
			isa = PBXResourcesBuildPhase;
			buildActionMask = 2147483647;
			files = (
			);
			runOnlyForDeploymentPostprocessing = 0;
		};
/* End PBXResourcesBuildPhase section */

/* Begin PBXSourcesBuildPhase section */
		DC36571E29FA4BAA000AFFC2 /* Sources */ = {
			isa = PBXSourcesBuildPhase;
			buildActionMask = 2147483647;
			files = (
				DC36572A29FA4BAA000AFFC2 /* ViewController.swift in Sources */,
				DC36572629FA4BAA000AFFC2 /* AppDelegate.swift in Sources */,
				DC36572829FA4BAA000AFFC2 /* SceneDelegate.swift in Sources */,
			);
			runOnlyForDeploymentPostprocessing = 0;
		};
		DC36573429FA4BB6000AFFC2 /* Sources */ = {
			isa = PBXSourcesBuildPhase;
			buildActionMask = 2147483647;
			files = (
				DC36573D29FA4BB7000AFFC2 /* NY_TimesTests.swift in Sources */,
			);
			runOnlyForDeploymentPostprocessing = 0;
		};
		DC36573F29FA4BB7000AFFC2 /* Sources */ = {
			isa = PBXSourcesBuildPhase;
			buildActionMask = 2147483647;
			files = (
				DC36574829FA4BB7000AFFC2 /* NY_TimesUITests.swift in Sources */,
			);
			runOnlyForDeploymentPostprocessing = 0;
		};
/* End PBXSourcesBuildPhase section */

/* Begin PBXTargetDependency section */
		DC36573A29FA4BB7000AFFC2 /* PBXTargetDependency */ = {
			isa = PBXTargetDependency;
			target = DC36572129FA4BAA000AFFC2 /* NY Times */;
			targetProxy = DC36573929FA4BB7000AFFC2 /* PBXContainerItemProxy */;
		};
		DC36574529FA4BB7000AFFC2 /* PBXTargetDependency */ = {
			isa = PBXTargetDependency;
			target = DC36572129FA4BAA000AFFC2 /* NY Times */;
			targetProxy = DC36574429FA4BB7000AFFC2 /* PBXContainerItemProxy */;
		};
/* End PBXTargetDependency section */

/* Begin PBXVariantGroup section */
		DC36572B29FA4BAA000AFFC2 /* Main.storyboard */ = {
			isa = PBXVariantGroup;
			children = (
				DC36572C29FA4BAA000AFFC2 /* Base */,
			);
			name = Main.storyboard;
			sourceTree = "<group>";
		};
		DC36573029FA4BB6000AFFC2 /* LaunchScreen.storyboard */ = {
			isa = PBXVariantGroup;
			children = (
				DC36573129FA4BB6000AFFC2 /* Base */,
			);
			name = LaunchScreen.storyboard;
			sourceTree = "<group>";
		};
/* End PBXVariantGroup section */

/* Begin XCBuildConfiguration section */
		DC36574A29FA4BB7000AFFC2 /* Debug */ = {
			isa = XCBuildConfiguration;
			buildSettings = {
				ALWAYS_SEARCH_USER_PATHS = NO;
				CLANG_ANALYZER_NONNULL = YES;
				CLANG_ANALYZER_NUMBER_OBJECT_CONVERSION = YES_AGGRESSIVE;
				CLANG_CXX_LANGUAGE_STANDARD = "gnu++14";
				CLANG_CXX_LIBRARY = "libc++";
				CLANG_ENABLE_MODULES = YES;
				CLANG_ENABLE_OBJC_ARC = YES;
				CLANG_ENABLE_OBJC_WEAK = YES;
				CLANG_WARN_BLOCK_CAPTURE_AUTORELEASING = YES;
				CLANG_WARN_BOOL_CONVERSION = YES;
				CLANG_WARN_COMMA = YES;
				CLANG_WARN_CONSTANT_CONVERSION = YES;
				CLANG_WARN_DEPRECATED_OBJC_IMPLEMENTATIONS = YES;
				CLANG_WARN_DIRECT_OBJC_ISA_USAGE = YES_ERROR;
				CLANG_WARN_DOCUMENTATION_COMMENTS = YES;
				CLANG_WARN_EMPTY_BODY = YES;
				CLANG_WARN_ENUM_CONVERSION = YES;
				CLANG_WARN_INFINITE_RECURSION = YES;
				CLANG_WARN_INT_CONVERSION = YES;
				CLANG_WARN_NON_LITERAL_NULL_CONVERSION = YES;
				CLANG_WARN_OBJC_IMPLICIT_RETAIN_SELF = YES;
				CLANG_WARN_OBJC_LITERAL_CONVERSION = YES;
				CLANG_WARN_OBJC_ROOT_CLASS = YES_ERROR;
				CLANG_WARN_QUOTED_INCLUDE_IN_FRAMEWORK_HEADER = YES;
				CLANG_WARN_RANGE_LOOP_ANALYSIS = YES;
				CLANG_WARN_STRICT_PROTOTYPES = YES;
				CLANG_WARN_SUSPICIOUS_MOVE = YES;
				CLANG_WARN_UNGUARDED_AVAILABILITY = YES_AGGRESSIVE;
				CLANG_WARN_UNREACHABLE_CODE = YES;
				CLANG_WARN__DUPLICATE_METHOD_MATCH = YES;
				COPY_PHASE_STRIP = NO;
				DEBUG_INFORMATION_FORMAT = dwarf;
				ENABLE_STRICT_OBJC_MSGSEND = YES;
				ENABLE_TESTABILITY = YES;
				GCC_C_LANGUAGE_STANDARD = gnu11;
				GCC_DYNAMIC_NO_PIC = NO;
				GCC_NO_COMMON_BLOCKS = YES;
				GCC_OPTIMIZATION_LEVEL = 0;
				GCC_PREPROCESSOR_DEFINITIONS = (
					"DEBUG=1",
					"$(inherited)",
				);
				GCC_WARN_64_TO_32_BIT_CONVERSION = YES;
				GCC_WARN_ABOUT_RETURN_TYPE = YES_ERROR;
				GCC_WARN_UNDECLARED_SELECTOR = YES;
				GCC_WARN_UNINITIALIZED_AUTOS = YES_AGGRESSIVE;
				GCC_WARN_UNUSED_FUNCTION = YES;
				GCC_WARN_UNUSED_VARIABLE = YES;
				IPHONEOS_DEPLOYMENT_TARGET = 14.4;
				MTL_ENABLE_DEBUG_INFO = INCLUDE_SOURCE;
				MTL_FAST_MATH = YES;
				ONLY_ACTIVE_ARCH = YES;
				SDKROOT = iphoneos;
				SWIFT_ACTIVE_COMPILATION_CONDITIONS = DEBUG;
				SWIFT_OPTIMIZATION_LEVEL = "-Onone";
			};
			name = Debug;
		};
		DC36574B29FA4BB7000AFFC2 /* Release */ = {
			isa = XCBuildConfiguration;
			buildSettings = {
				ALWAYS_SEARCH_USER_PATHS = NO;
				CLANG_ANALYZER_NONNULL = YES;
				CLANG_ANALYZER_NUMBER_OBJECT_CONVERSION = YES_AGGRESSIVE;
				CLANG_CXX_LANGUAGE_STANDARD = "gnu++14";
				CLANG_CXX_LIBRARY = "libc++";
				CLANG_ENABLE_MODULES = YES;
				CLANG_ENABLE_OBJC_ARC = YES;
				CLANG_ENABLE_OBJC_WEAK = YES;
				CLANG_WARN_BLOCK_CAPTURE_AUTORELEASING = YES;
				CLANG_WARN_BOOL_CONVERSION = YES;
				CLANG_WARN_COMMA = YES;
				CLANG_WARN_CONSTANT_CONVERSION = YES;
				CLANG_WARN_DEPRECATED_OBJC_IMPLEMENTATIONS = YES;
				CLANG_WARN_DIRECT_OBJC_ISA_USAGE = YES_ERROR;
				CLANG_WARN_DOCUMENTATION_COMMENTS = YES;
				CLANG_WARN_EMPTY_BODY = YES;
				CLANG_WARN_ENUM_CONVERSION = YES;
				CLANG_WARN_INFINITE_RECURSION = YES;
				CLANG_WARN_INT_CONVERSION = YES;
				CLANG_WARN_NON_LITERAL_NULL_CONVERSION = YES;
				CLANG_WARN_OBJC_IMPLICIT_RETAIN_SELF = YES;
				CLANG_WARN_OBJC_LITERAL_CONVERSION = YES;
				CLANG_WARN_OBJC_ROOT_CLASS = YES_ERROR;
				CLANG_WARN_QUOTED_INCLUDE_IN_FRAMEWORK_HEADER = YES;
				CLANG_WARN_RANGE_LOOP_ANALYSIS = YES;
				CLANG_WARN_STRICT_PROTOTYPES = YES;
				CLANG_WARN_SUSPICIOUS_MOVE = YES;
				CLANG_WARN_UNGUARDED_AVAILABILITY = YES_AGGRESSIVE;
				CLANG_WARN_UNREACHABLE_CODE = YES;
				CLANG_WARN__DUPLICATE_METHOD_MATCH = YES;
				COPY_PHASE_STRIP = NO;
				DEBUG_INFORMATION_FORMAT = "dwarf-with-dsym";
				ENABLE_NS_ASSERTIONS = NO;
				ENABLE_STRICT_OBJC_MSGSEND = YES;
				GCC_C_LANGUAGE_STANDARD = gnu11;
				GCC_NO_COMMON_BLOCKS = YES;
				GCC_WARN_64_TO_32_BIT_CONVERSION = YES;
				GCC_WARN_ABOUT_RETURN_TYPE = YES_ERROR;
				GCC_WARN_UNDECLARED_SELECTOR = YES;
				GCC_WARN_UNINITIALIZED_AUTOS = YES_AGGRESSIVE;
				GCC_WARN_UNUSED_FUNCTION = YES;
				GCC_WARN_UNUSED_VARIABLE = YES;
				IPHONEOS_DEPLOYMENT_TARGET = 14.4;
				MTL_ENABLE_DEBUG_INFO = NO;
				MTL_FAST_MATH = YES;
				SDKROOT = iphoneos;
				SWIFT_COMPILATION_MODE = wholemodule;
				SWIFT_OPTIMIZATION_LEVEL = "-O";
				VALIDATE_PRODUCT = YES;
			};
			name = Release;
		};
		DC36574D29FA4BB7000AFFC2 /* Debug */ = {
			isa = XCBuildConfiguration;
			buildSettings = {
				ASSETCATALOG_COMPILER_APPICON_NAME = AppIcon;
				ASSETCATALOG_COMPILER_GLOBAL_ACCENT_COLOR_NAME = AccentColor;
				CODE_SIGN_STYLE = Automatic;
				INFOPLIST_FILE = "NY Times/Info.plist";
				LD_RUNPATH_SEARCH_PATHS = (
					"$(inherited)",
					"@executable_path/Frameworks",
				);
				PRODUCT_BUNDLE_IDENTIFIER = "ny.times.com.NY-Times";
				PRODUCT_NAME = "$(TARGET_NAME)";
				SWIFT_VERSION = 5.0;
				TARGETED_DEVICE_FAMILY = "1,2";
			};
			name = Debug;
		};
		DC36574E29FA4BB7000AFFC2 /* Release */ = {
			isa = XCBuildConfiguration;
			buildSettings = {
				ASSETCATALOG_COMPILER_APPICON_NAME = AppIcon;
				ASSETCATALOG_COMPILER_GLOBAL_ACCENT_COLOR_NAME = AccentColor;
				CODE_SIGN_STYLE = Automatic;
				INFOPLIST_FILE = "NY Times/Info.plist";
				LD_RUNPATH_SEARCH_PATHS = (
					"$(inherited)",
					"@executable_path/Frameworks",
				);
				PRODUCT_BUNDLE_IDENTIFIER = "ny.times.com.NY-Times";
				PRODUCT_NAME = "$(TARGET_NAME)";
				SWIFT_VERSION = 5.0;
				TARGETED_DEVICE_FAMILY = "1,2";
			};
			name = Release;
		};
		DC36575029FA4BB7000AFFC2 /* Debug */ = {
			isa = XCBuildConfiguration;
			buildSettings = {
				ALWAYS_EMBED_SWIFT_STANDARD_LIBRARIES = YES;
				BUNDLE_LOADER = "$(TEST_HOST)";
				CODE_SIGN_STYLE = Automatic;
				INFOPLIST_FILE = "NY TimesTests/Info.plist";
				IPHONEOS_DEPLOYMENT_TARGET = 14.4;
				LD_RUNPATH_SEARCH_PATHS = (
					"$(inherited)",
					"@executable_path/Frameworks",
					"@loader_path/Frameworks",
				);
				PRODUCT_BUNDLE_IDENTIFIER = "ny.times.com.NY-TimesTests";
				PRODUCT_NAME = "$(TARGET_NAME)";
				SWIFT_VERSION = 5.0;
				TARGETED_DEVICE_FAMILY = "1,2";
				TEST_HOST = "$(BUILT_PRODUCTS_DIR)/NY Times.app/NY Times";
			};
			name = Debug;
		};
		DC36575129FA4BB7000AFFC2 /* Release */ = {
			isa = XCBuildConfiguration;
			buildSettings = {
				ALWAYS_EMBED_SWIFT_STANDARD_LIBRARIES = YES;
				BUNDLE_LOADER = "$(TEST_HOST)";
				CODE_SIGN_STYLE = Automatic;
				INFOPLIST_FILE = "NY TimesTests/Info.plist";
				IPHONEOS_DEPLOYMENT_TARGET = 14.4;
				LD_RUNPATH_SEARCH_PATHS = (
					"$(inherited)",
					"@executable_path/Frameworks",
					"@loader_path/Frameworks",
				);
				PRODUCT_BUNDLE_IDENTIFIER = "ny.times.com.NY-TimesTests";
				PRODUCT_NAME = "$(TARGET_NAME)";
				SWIFT_VERSION = 5.0;
				TARGETED_DEVICE_FAMILY = "1,2";
				TEST_HOST = "$(BUILT_PRODUCTS_DIR)/NY Times.app/NY Times";
			};
			name = Release;
		};
		DC36575329FA4BB7000AFFC2 /* Debug */ = {
			isa = XCBuildConfiguration;
			buildSettings = {
				ALWAYS_EMBED_SWIFT_STANDARD_LIBRARIES = YES;
				CODE_SIGN_STYLE = Automatic;
				INFOPLIST_FILE = "NY TimesUITests/Info.plist";
				LD_RUNPATH_SEARCH_PATHS = (
					"$(inherited)",
					"@executable_path/Frameworks",
					"@loader_path/Frameworks",
				);
				PRODUCT_BUNDLE_IDENTIFIER = "ny.times.com.NY-TimesUITests";
				PRODUCT_NAME = "$(TARGET_NAME)";
				SWIFT_VERSION = 5.0;
				TARGETED_DEVICE_FAMILY = "1,2";
				TEST_TARGET_NAME = "NY Times";
			};
			name = Debug;
		};
		DC36575429FA4BB7000AFFC2 /* Release */ = {
			isa = XCBuildConfiguration;
			buildSettings = {
				ALWAYS_EMBED_SWIFT_STANDARD_LIBRARIES = YES;
				CODE_SIGN_STYLE = Automatic;
				INFOPLIST_FILE = "NY TimesUITests/Info.plist";
				LD_RUNPATH_SEARCH_PATHS = (
					"$(inherited)",
					"@executable_path/Frameworks",
					"@loader_path/Frameworks",
				);
				PRODUCT_BUNDLE_IDENTIFIER = "ny.times.com.NY-TimesUITests";
				PRODUCT_NAME = "$(TARGET_NAME)";
				SWIFT_VERSION = 5.0;
				TARGETED_DEVICE_FAMILY = "1,2";
				TEST_TARGET_NAME = "NY Times";
			};
			name = Release;
		};
/* End XCBuildConfiguration section */

/* Begin XCConfigurationList section */
		DC36571D29FA4BAA000AFFC2 /* Build configuration list for PBXProject "NY Times" */ = {
			isa = XCConfigurationList;
			buildConfigurations = (
				DC36574A29FA4BB7000AFFC2 /* Debug */,
				DC36574B29FA4BB7000AFFC2 /* Release */,
			);
			defaultConfigurationIsVisible = 0;
			defaultConfigurationName = Release;
		};
		DC36574C29FA4BB7000AFFC2 /* Build configuration list for PBXNativeTarget "NY Times" */ = {
			isa = XCConfigurationList;
			buildConfigurations = (
				DC36574D29FA4BB7000AFFC2 /* Debug */,
				DC36574E29FA4BB7000AFFC2 /* Release */,
			);
			defaultConfigurationIsVisible = 0;
			defaultConfigurationName = Release;
		};
		DC36574F29FA4BB7000AFFC2 /* Build configuration list for PBXNativeTarget "NY TimesTests" */ = {
			isa = XCConfigurationList;
			buildConfigurations = (
				DC36575029FA4BB7000AFFC2 /* Debug */,
				DC36575129FA4BB7000AFFC2 /* Release */,
			);
			defaultConfigurationIsVisible = 0;
			defaultConfigurationName = Release;
		};
		DC36575229FA4BB7000AFFC2 /* Build configuration list for PBXNativeTarget "NY TimesUITests" */ = {
			isa = XCConfigurationList;
			buildConfigurations = (
				DC36575329FA4BB7000AFFC2 /* Debug */,
				DC36575429FA4BB7000AFFC2 /* Release */,
			);
			defaultConfigurationIsVisible = 0;
			defaultConfigurationName = Release;
		};
/* End XCConfigurationList section */
	};
	rootObject = DC36571A29FA4BAA000AFFC2 /* Project object */;
}
