// !$*UTF8*$!
{
	archiveVersion = 1;
	classes = {
	};
	objectVersion = 51;
	objects = {

/* Begin PBXBuildFile section */
		0C26F219D8AFF83BB660043F /* Pods_NY_Times.framework in Frameworks */ = {isa = PBXBuildFile; fileRef = 150E8B6084A8E626C4C4B24D /* Pods_NY_Times.framework */; };
		DC01FF7429FC1F0F0030A3A8 /* StoryBoardName.swift in Sources */ = {isa = PBXBuildFile; fileRef = DC01FF7329FC1F0F0030A3A8 /* StoryBoardName.swift */; };
		DC2F6E7629FA65AB00B61CA2 /* UIView+EX.swift in Sources */ = {isa = PBXBuildFile; fileRef = DC2F6E7529FA65AB00B61CA2 /* UIView+EX.swift */; };
		DC2F6E8329FA682400B61CA2 /* HomeTableCell.swift in Sources */ = {isa = PBXBuildFile; fileRef = DC2F6E8129FA682400B61CA2 /* HomeTableCell.swift */; };
		DC2F6E8429FA682400B61CA2 /* HomeTableCell.xib in Resources */ = {isa = PBXBuildFile; fileRef = DC2F6E8229FA682400B61CA2 /* HomeTableCell.xib */; };
		DC2F6E8D29FA686C00B61CA2 /* UITableView+Extensions.swift in Sources */ = {isa = PBXBuildFile; fileRef = DC2F6E8B29FA686C00B61CA2 /* UITableView+Extensions.swift */; };
		DC2F6E8E29FA686C00B61CA2 /* UITableCell+Extensions.swift in Sources */ = {isa = PBXBuildFile; fileRef = DC2F6E8C29FA686C00B61CA2 /* UITableCell+Extensions.swift */; };
		DC2F6E9329FA6A4400B61CA2 /* UIButton+EX.swift in Sources */ = {isa = PBXBuildFile; fileRef = DC2F6E9229FA6A4400B61CA2 /* UIButton+EX.swift */; };
		DC2F6EA029FA960000B61CA2 /* NetworkServices.swift in Sources */ = {isa = PBXBuildFile; fileRef = DC2F6E9F29FA960000B61CA2 /* NetworkServices.swift */; };
		DC2F6EB029FA9B2700B61CA2 /* MostPopularModel.swift in Sources */ = {isa = PBXBuildFile; fileRef = DC2F6EAF29FA9B2700B61CA2 /* MostPopularModel.swift */; };
		DC2F6EB829FAD15700B61CA2 /* ResponseTest.swift in Sources */ = {isa = PBXBuildFile; fileRef = DC2F6EB729FAD15600B61CA2 /* ResponseTest.swift */; };
		DC2F6EBD29FAD40800B61CA2 /* ErrorModel.swift in Sources */ = {isa = PBXBuildFile; fileRef = DC2F6EBC29FAD40700B61CA2 /* ErrorModel.swift */; };
		DC36572629FA4BAA000AFFC2 /* AppDelegate.swift in Sources */ = {isa = PBXBuildFile; fileRef = DC36572529FA4BAA000AFFC2 /* AppDelegate.swift */; };
		DC36572A29FA4BAA000AFFC2 /* ViewController.swift in Sources */ = {isa = PBXBuildFile; fileRef = DC36572929FA4BAA000AFFC2 /* ViewController.swift */; };
		DC36572D29FA4BAA000AFFC2 /* Main.storyboard in Resources */ = {isa = PBXBuildFile; fileRef = DC36572B29FA4BAA000AFFC2 /* Main.storyboard */; };
		DC36572F29FA4BB6000AFFC2 /* Assets.xcassets in Resources */ = {isa = PBXBuildFile; fileRef = DC36572E29FA4BB6000AFFC2 /* Assets.xcassets */; };
		DC36573229FA4BB6000AFFC2 /* LaunchScreen.storyboard in Resources */ = {isa = PBXBuildFile; fileRef = DC36573029FA4BB6000AFFC2 /* LaunchScreen.storyboard */; };
		DC36573D29FA4BB7000AFFC2 /* NY_TimesTests.swift in Sources */ = {isa = PBXBuildFile; fileRef = DC36573C29FA4BB7000AFFC2 /* NY_TimesTests.swift */; };
		DC36574829FA4BB7000AFFC2 /* NY_TimesUITests.swift in Sources */ = {isa = PBXBuildFile; fileRef = DC36574729FA4BB7000AFFC2 /* NY_TimesUITests.swift */; };
		DC36576729FA4E24000AFFC2 /* Colors.swift in Sources */ = {isa = PBXBuildFile; fileRef = DC36576629FA4E24000AFFC2 /* Colors.swift */; };
		DC36577029FA4F3B000AFFC2 /* UIFont+Extension.swift in Sources */ = {isa = PBXBuildFile; fileRef = DC36576F29FA4F3B000AFFC2 /* UIFont+Extension.swift */; };
		DC36577929FA4FA6000AFFC2 /* Quicksand-Regular.ttf in Resources */ = {isa = PBXBuildFile; fileRef = DC36577429FA4FA6000AFFC2 /* Quicksand-Regular.ttf */; };
		DC36577A29FA4FA6000AFFC2 /* Quicksand-Medium.ttf in Resources */ = {isa = PBXBuildFile; fileRef = DC36577529FA4FA6000AFFC2 /* Quicksand-Medium.ttf */; };
		DC36577B29FA4FA6000AFFC2 /* Quicksand-Light.ttf in Resources */ = {isa = PBXBuildFile; fileRef = DC36577629FA4FA6000AFFC2 /* Quicksand-Light.ttf */; };
		DC36577C29FA4FA6000AFFC2 /* Quicksand-Bold.ttf in Resources */ = {isa = PBXBuildFile; fileRef = DC36577729FA4FA6000AFFC2 /* Quicksand-Bold.ttf */; };
		DC36578829FA5028000AFFC2 /* NYURL.swift in Sources */ = {isa = PBXBuildFile; fileRef = DC36578729FA5028000AFFC2 /* NYURL.swift */; };
		DC36578F29FA53DE000AFFC2 /* EnvironmentConfigurations.swift in Sources */ = {isa = PBXBuildFile; fileRef = DC36578E29FA53DE000AFFC2 /* EnvironmentConfigurations.swift */; };
		DC3657B329FA55DF000AFFC2 /* TopNavigation.xib in Resources */ = {isa = PBXBuildFile; fileRef = DC3657B229FA55DF000AFFC2 /* TopNavigation.xib */; };
		DC3657B829FA55E9000AFFC2 /* TopNavigation.swift in Sources */ = {isa = PBXBuildFile; fileRef = DC3657B729FA55E9000AFFC2 /* TopNavigation.swift */; };
/* End PBXBuildFile section */

/* Begin PBXContainerItemProxy section */
		DC36573929FA4BB7000AFFC2 /* PBXContainerItemProxy */ = {
			isa = PBXContainerItemProxy;
			containerPortal = DC36571A29FA4BAA000AFFC2 /* Project object */;
			proxyType = 1;
			remoteGlobalIDString = DC36572129FA4BAA000AFFC2;
			remoteInfo = "NY Times";
		};
		DC36574429FA4BB7000AFFC2 /* PBXContainerItemProxy */ = {
			isa = PBXContainerItemProxy;
			containerPortal = DC36571A29FA4BAA000AFFC2 /* Project object */;
			proxyType = 1;
			remoteGlobalIDString = DC36572129FA4BAA000AFFC2;
			remoteInfo = "NY Times";
		};
/* End PBXContainerItemProxy section */

/* Begin PBXFileReference section */
		150E8B6084A8E626C4C4B24D /* Pods_NY_Times.framework */ = {isa = PBXFileReference; explicitFileType = wrapper.framework; includeInIndex = 0; path = Pods_NY_Times.framework; sourceTree = BUILT_PRODUCTS_DIR; };
		669CA50F8EFECBBA2C6B5075 /* Pods-NY Times.debug.xcconfig */ = {isa = PBXFileReference; includeInIndex = 1; lastKnownFileType = text.xcconfig; name = "Pods-NY Times.debug.xcconfig"; path = "Target Support Files/Pods-NY Times/Pods-NY Times.debug.xcconfig"; sourceTree = "<group>"; };
		DC01FF7329FC1F0F0030A3A8 /* StoryBoardName.swift */ = {isa = PBXFileReference; fileEncoding = 4; lastKnownFileType = sourcecode.swift; path = StoryBoardName.swift; sourceTree = "<group>"; };
		DC2F6E7529FA65AB00B61CA2 /* UIView+EX.swift */ = {isa = PBXFileReference; lastKnownFileType = sourcecode.swift; path = "UIView+EX.swift"; sourceTree = "<group>"; };
		DC2F6E8129FA682400B61CA2 /* HomeTableCell.swift */ = {isa = PBXFileReference; lastKnownFileType = sourcecode.swift; path = HomeTableCell.swift; sourceTree = "<group>"; };
		DC2F6E8229FA682400B61CA2 /* HomeTableCell.xib */ = {isa = PBXFileReference; lastKnownFileType = file.xib; path = HomeTableCell.xib; sourceTree = "<group>"; };
		DC2F6E8B29FA686C00B61CA2 /* UITableView+Extensions.swift */ = {isa = PBXFileReference; fileEncoding = 4; lastKnownFileType = sourcecode.swift; path = "UITableView+Extensions.swift"; sourceTree = "<group>"; };
		DC2F6E8C29FA686C00B61CA2 /* UITableCell+Extensions.swift */ = {isa = PBXFileReference; fileEncoding = 4; lastKnownFileType = sourcecode.swift; path = "UITableCell+Extensions.swift"; sourceTree = "<group>"; };
		DC2F6E9229FA6A4400B61CA2 /* UIButton+EX.swift */ = {isa = PBXFileReference; lastKnownFileType = sourcecode.swift; path = "UIButton+EX.swift"; sourceTree = "<group>"; };
		DC2F6E9F29FA960000B61CA2 /* NetworkServices.swift */ = {isa = PBXFileReference; lastKnownFileType = sourcecode.swift; path = NetworkServices.swift; sourceTree = "<group>"; };
		DC2F6EAF29FA9B2700B61CA2 /* MostPopularModel.swift */ = {isa = PBXFileReference; lastKnownFileType = sourcecode.swift; path = MostPopularModel.swift; sourceTree = "<group>"; };
		DC2F6EB729FAD15600B61CA2 /* ResponseTest.swift */ = {isa = PBXFileReference; lastKnownFileType = sourcecode.swift; path = ResponseTest.swift; sourceTree = "<group>"; };
		DC2F6EBC29FAD40700B61CA2 /* ErrorModel.swift */ = {isa = PBXFileReference; lastKnownFileType = sourcecode.swift; path = ErrorModel.swift; sourceTree = "<group>"; };
		DC36572229FA4BAA000AFFC2 /* NY Times.app */ = {isa = PBXFileReference; explicitFileType = wrapper.application; includeInIndex = 0; path = "NY Times.app"; sourceTree = BUILT_PRODUCTS_DIR; };
		DC36572529FA4BAA000AFFC2 /* AppDelegate.swift */ = {isa = PBXFileReference; lastKnownFileType = sourcecode.swift; path = AppDelegate.swift; sourceTree = "<group>"; };
		DC36572929FA4BAA000AFFC2 /* ViewController.swift */ = {isa = PBXFileReference; lastKnownFileType = sourcecode.swift; path = ViewController.swift; sourceTree = "<group>"; };
		DC36572C29FA4BAA000AFFC2 /* Base */ = {isa = PBXFileReference; lastKnownFileType = file.storyboard; name = Base; path = Base.lproj/Main.storyboard; sourceTree = "<group>"; };
		DC36572E29FA4BB6000AFFC2 /* Assets.xcassets */ = {isa = PBXFileReference; lastKnownFileType = folder.assetcatalog; path = Assets.xcassets; sourceTree = "<group>"; };
		DC36573129FA4BB6000AFFC2 /* Base */ = {isa = PBXFileReference; lastKnownFileType = file.storyboard; name = Base; path = Base.lproj/LaunchScreen.storyboard; sourceTree = "<group>"; };
		DC36573329FA4BB6000AFFC2 /* Info.plist */ = {isa = PBXFileReference; lastKnownFileType = text.plist.xml; path = Info.plist; sourceTree = "<group>"; };
		DC36573829FA4BB7000AFFC2 /* NY TimesTests.xctest */ = {isa = PBXFileReference; explicitFileType = wrapper.cfbundle; includeInIndex = 0; path = "NY TimesTests.xctest"; sourceTree = BUILT_PRODUCTS_DIR; };
		DC36573C29FA4BB7000AFFC2 /* NY_TimesTests.swift */ = {isa = PBXFileReference; lastKnownFileType = sourcecode.swift; path = NY_TimesTests.swift; sourceTree = "<group>"; };
		DC36573E29FA4BB7000AFFC2 /* Info.plist */ = {isa = PBXFileReference; lastKnownFileType = text.plist.xml; path = Info.plist; sourceTree = "<group>"; };
		DC36574329FA4BB7000AFFC2 /* NY TimesUITests.xctest */ = {isa = PBXFileReference; explicitFileType = wrapper.cfbundle; includeInIndex = 0; path = "NY TimesUITests.xctest"; sourceTree = BUILT_PRODUCTS_DIR; };
		DC36574729FA4BB7000AFFC2 /* NY_TimesUITests.swift */ = {isa = PBXFileReference; lastKnownFileType = sourcecode.swift; path = NY_TimesUITests.swift; sourceTree = "<group>"; };
		DC36574929FA4BB7000AFFC2 /* Info.plist */ = {isa = PBXFileReference; lastKnownFileType = text.plist.xml; path = Info.plist; sourceTree = "<group>"; };
		DC36576629FA4E24000AFFC2 /* Colors.swift */ = {isa = PBXFileReference; lastKnownFileType = sourcecode.swift; path = Colors.swift; sourceTree = "<group>"; };
		DC36576F29FA4F3B000AFFC2 /* UIFont+Extension.swift */ = {isa = PBXFileReference; lastKnownFileType = sourcecode.swift; path = "UIFont+Extension.swift"; sourceTree = "<group>"; };
		DC36577429FA4FA6000AFFC2 /* Quicksand-Regular.ttf */ = {isa = PBXFileReference; lastKnownFileType = file; path = "Quicksand-Regular.ttf"; sourceTree = "<group>"; };
		DC36577529FA4FA6000AFFC2 /* Quicksand-Medium.ttf */ = {isa = PBXFileReference; lastKnownFileType = file; path = "Quicksand-Medium.ttf"; sourceTree = "<group>"; };
		DC36577629FA4FA6000AFFC2 /* Quicksand-Light.ttf */ = {isa = PBXFileReference; lastKnownFileType = file; path = "Quicksand-Light.ttf"; sourceTree = "<group>"; };
		DC36577729FA4FA6000AFFC2 /* Quicksand-Bold.ttf */ = {isa = PBXFileReference; lastKnownFileType = file; path = "Quicksand-Bold.ttf"; sourceTree = "<group>"; };
		DC36578729FA5028000AFFC2 /* NYURL.swift */ = {isa = PBXFileReference; lastKnownFileType = sourcecode.swift; path = NYURL.swift; sourceTree = "<group>"; };
		DC36578E29FA53DE000AFFC2 /* EnvironmentConfigurations.swift */ = {isa = PBXFileReference; lastKnownFileType = sourcecode.swift; path = EnvironmentConfigurations.swift; sourceTree = "<group>"; };
		DC3657B229FA55DF000AFFC2 /* TopNavigation.xib */ = {isa = PBXFileReference; lastKnownFileType = file.xib; path = TopNavigation.xib; sourceTree = "<group>"; };
		DC3657B729FA55E9000AFFC2 /* TopNavigation.swift */ = {isa = PBXFileReference; lastKnownFileType = sourcecode.swift; path = TopNavigation.swift; sourceTree = "<group>"; };
		E4D1BBBB170ED146FBD04CC7 /* Pods-NY Times.release.xcconfig */ = {isa = PBXFileReference; includeInIndex = 1; lastKnownFileType = text.xcconfig; name = "Pods-NY Times.release.xcconfig"; path = "Target Support Files/Pods-NY Times/Pods-NY Times.release.xcconfig"; sourceTree = "<group>"; };
/* End PBXFileReference section */

/* Begin PBXFrameworksBuildPhase section */
		DC36571F29FA4BAA000AFFC2 /* Frameworks */ = {
			isa = PBXFrameworksBuildPhase;
			buildActionMask = 2147483647;
			files = (
				0C26F219D8AFF83BB660043F /* Pods_NY_Times.framework in Frameworks */,
			);
			runOnlyForDeploymentPostprocessing = 0;
		};
		DC36573529FA4BB6000AFFC2 /* Frameworks */ = {
			isa = PBXFrameworksBuildPhase;
			buildActionMask = 2147483647;
			files = (
			);
			runOnlyForDeploymentPostprocessing = 0;
		};
		DC36574029FA4BB7000AFFC2 /* Frameworks */ = {
			isa = PBXFrameworksBuildPhase;
			buildActionMask = 2147483647;
			files = (
			);
			runOnlyForDeploymentPostprocessing = 0;
		};
/* End PBXFrameworksBuildPhase section */

/* Begin PBXGroup section */
		2A7C2A3384971D6AFF832E30 /* Frameworks */ = {
			isa = PBXGroup;
			children = (
				150E8B6084A8E626C4C4B24D /* Pods_NY_Times.framework */,
			);
			name = Frameworks;
			sourceTree = "<group>";
		};
		CFF9CACFBD86C8CD2291349B /* Pods */ = {
			isa = PBXGroup;
			children = (
				669CA50F8EFECBBA2C6B5075 /* Pods-NY Times.debug.xcconfig */,
				E4D1BBBB170ED146FBD04CC7 /* Pods-NY Times.release.xcconfig */,
			);
			path = Pods;
			sourceTree = "<group>";
		};
		DC01FF7229FC1EE50030A3A8 /* Coordinator */ = {
			isa = PBXGroup;
			children = (
				DC01FF7329FC1F0F0030A3A8 /* StoryBoardName.swift */,
			);
			path = Coordinator;
			sourceTree = "<group>";
		};
		DC2F6E7429FA655400B61CA2 /* Extensions */ = {
			isa = PBXGroup;
			children = (
				DC2F6E8C29FA686C00B61CA2 /* UITableCell+Extensions.swift */,
				DC2F6E8B29FA686C00B61CA2 /* UITableView+Extensions.swift */,
				DC2F6E7529FA65AB00B61CA2 /* UIView+EX.swift */,
				DC2F6E9229FA6A4400B61CA2 /* UIButton+EX.swift */,
			);
			path = Extensions;
			sourceTree = "<group>";
		};
		DC2F6E7D29FA67EA00B61CA2 /* Home */ = {
			isa = PBXGroup;
			children = (
				DC2F6E8029FA67F900B61CA2 /* Controller */,
				DC2F6E7E29FA67F000B61CA2 /* View */,
			);
			path = Home;
			sourceTree = "<group>";
		};
		DC2F6E7E29FA67F000B61CA2 /* View */ = {
			isa = PBXGroup;
			children = (
				DC2F6E7F29FA67F500B61CA2 /* Cell */,
			);
			path = View;
			sourceTree = "<group>";
		};
		DC2F6E7F29FA67F500B61CA2 /* Cell */ = {
			isa = PBXGroup;
			children = (
				DC2F6E8129FA682400B61CA2 /* HomeTableCell.swift */,
				DC2F6E8229FA682400B61CA2 /* HomeTableCell.xib */,
			);
			path = Cell;
			sourceTree = "<group>";
		};
		DC2F6E8029FA67F900B61CA2 /* Controller */ = {
			isa = PBXGroup;
			children = (
				DC36572929FA4BAA000AFFC2 /* ViewController.swift */,
			);
			path = Controller;
			sourceTree = "<group>";
		};
		DC36571929FA4BAA000AFFC2 = {
			isa = PBXGroup;
			children = (
				DC36572429FA4BAA000AFFC2 /* NY Times */,
				DC36573B29FA4BB7000AFFC2 /* NY TimesTests */,
				DC36574629FA4BB7000AFFC2 /* NY TimesUITests */,
				DC36572329FA4BAA000AFFC2 /* Products */,
				CFF9CACFBD86C8CD2291349B /* Pods */,
				2A7C2A3384971D6AFF832E30 /* Frameworks */,
			);
			sourceTree = "<group>";
		};
		DC36572329FA4BAA000AFFC2 /* Products */ = {
			isa = PBXGroup;
			children = (
				DC36572229FA4BAA000AFFC2 /* NY Times.app */,
				DC36573829FA4BB7000AFFC2 /* NY TimesTests.xctest */,
				DC36574329FA4BB7000AFFC2 /* NY TimesUITests.xctest */,
			);
			name = Products;
			sourceTree = "<group>";
		};
		DC36572429FA4BAA000AFFC2 /* NY Times */ = {
			isa = PBXGroup;
			children = (
				DC36578C29FA53C6000AFFC2 /* Helper */,
				DC36578429FA4FDD000AFFC2 /* Network */,
				DC36575B29FA4C93000AFFC2 /* App */,
				DC36575A29FA4BCE000AFFC2 /* Controller */,
				DC36575629FA4BC9000AFFC2 /* View */,
				DC36575529FA4BC1000AFFC2 /* Model */,
			);
			path = "NY Times";
			sourceTree = "<group>";
		};
		DC36573B29FA4BB7000AFFC2 /* NY TimesTests */ = {
			isa = PBXGroup;
			children = (
				DC36573C29FA4BB7000AFFC2 /* NY_TimesTests.swift */,
				DC36573E29FA4BB7000AFFC2 /* Info.plist */,
				DC2F6EB729FAD15600B61CA2 /* ResponseTest.swift */,
			);
			path = "NY TimesTests";
			sourceTree = "<group>";
		};
		DC36574629FA4BB7000AFFC2 /* NY TimesUITests */ = {
			isa = PBXGroup;
			children = (
				DC36574729FA4BB7000AFFC2 /* NY_TimesUITests.swift */,
				DC36574929FA4BB7000AFFC2 /* Info.plist */,
			);
			path = "NY TimesUITests";
			sourceTree = "<group>";
		};
		DC36575529FA4BC1000AFFC2 /* Model */ = {
			isa = PBXGroup;
			children = (
				DC2F6EAF29FA9B2700B61CA2 /* MostPopularModel.swift */,
				DC2F6EBC29FAD40700B61CA2 /* ErrorModel.swift */,
			);
			path = Model;
			sourceTree = "<group>";
		};
		DC36575629FA4BC9000AFFC2 /* View */ = {
			isa = PBXGroup;
			children = (
				DC36572B29FA4BAA000AFFC2 /* Main.storyboard */,
			);
			path = View;
			sourceTree = "<group>";
		};
		DC36575A29FA4BCE000AFFC2 /* Controller */ = {
			isa = PBXGroup;
			children = (
				DC2F6E7D29FA67EA00B61CA2 /* Home */,
				DC3657B029FA5595000AFFC2 /* Main Handler */,
			);
			path = Controller;
			sourceTree = "<group>";
		};
		DC36575B29FA4C93000AFFC2 /* App */ = {
			isa = PBXGroup;
			children = (
				DC36576E29FA4F1C000AFFC2 /* Fonts */,
				DC36575E29FA4CC5000AFFC2 /* Assests */,
				DC36575D29FA4CBD000AFFC2 /* App Deleagte */,
				DC36575C29FA4CAC000AFFC2 /* Info Plists */,
				DC36573029FA4BB6000AFFC2 /* LaunchScreen.storyboard */,
			);
			path = App;
			sourceTree = "<group>";
		};
		DC36575C29FA4CAC000AFFC2 /* Info Plists */ = {
			isa = PBXGroup;
			children = (
				DC36573329FA4BB6000AFFC2 /* Info.plist */,
			);
			path = "Info Plists";
			sourceTree = "<group>";
		};
		DC36575D29FA4CBD000AFFC2 /* App Deleagte */ = {
			isa = PBXGroup;
			children = (
				DC36572529FA4BAA000AFFC2 /* AppDelegate.swift */,
			);
			path = "App Deleagte";
			sourceTree = "<group>";
		};
		DC36575E29FA4CC5000AFFC2 /* Assests */ = {
			isa = PBXGroup;
			children = (
				DC36576529FA4E10000AFFC2 /* Colors */,
				DC36572E29FA4BB6000AFFC2 /* Assets.xcassets */,
			);
			path = Assests;
			sourceTree = "<group>";
		};
		DC36576529FA4E10000AFFC2 /* Colors */ = {
			isa = PBXGroup;
			children = (
				DC36576629FA4E24000AFFC2 /* Colors.swift */,
			);
			path = Colors;
			sourceTree = "<group>";
		};
		DC36576E29FA4F1C000AFFC2 /* Fonts */ = {
			isa = PBXGroup;
			children = (
				DC36577729FA4FA6000AFFC2 /* Quicksand-Bold.ttf */,
				DC36577629FA4FA6000AFFC2 /* Quicksand-Light.ttf */,
				DC36577529FA4FA6000AFFC2 /* Quicksand-Medium.ttf */,
				DC36577429FA4FA6000AFFC2 /* Quicksand-Regular.ttf */,
				DC36576F29FA4F3B000AFFC2 /* UIFont+Extension.swift */,
			);
			path = Fonts;
			sourceTree = "<group>";
		};
		DC36578429FA4FDD000AFFC2 /* Network */ = {
			isa = PBXGroup;
			children = (
				DC36578629FA5019000AFFC2 /* API */,
				DC36578529FA4FF0000AFFC2 /* URL */,
			);
			path = Network;
			sourceTree = "<group>";
		};
		DC36578529FA4FF0000AFFC2 /* URL */ = {
			isa = PBXGroup;
			children = (
				DC36578729FA5028000AFFC2 /* NYURL.swift */,
			);
			path = URL;
			sourceTree = "<group>";
		};
		DC36578629FA5019000AFFC2 /* API */ = {
			isa = PBXGroup;
			children = (
				DC2F6E9F29FA960000B61CA2 /* NetworkServices.swift */,
			);
			path = API;
			sourceTree = "<group>";
		};
		DC36578C29FA53C6000AFFC2 /* Helper */ = {
			isa = PBXGroup;
			children = (
				DC01FF7229FC1EE50030A3A8 /* Coordinator */,
				DC2F6E7429FA655400B61CA2 /* Extensions */,
				DC36578D29FA53CF000AFFC2 /* Environment Configurations */,
			);
			path = Helper;
			sourceTree = "<group>";
		};
		DC36578D29FA53CF000AFFC2 /* Environment Configurations */ = {
			isa = PBXGroup;
			children = (
				DC36578E29FA53DE000AFFC2 /* EnvironmentConfigurations.swift */,
			);
			path = "Environment Configurations";
			sourceTree = "<group>";
		};
		DC3657B029FA5595000AFFC2 /* Main Handler */ = {
			isa = PBXGroup;
			children = (
				DC3657B129FA55A7000AFFC2 /* Top Navigation */,
			);
			path = "Main Handler";
			sourceTree = "<group>";
		};
		DC3657B129FA55A7000AFFC2 /* Top Navigation */ = {
			isa = PBXGroup;
			children = (
				DC3657B229FA55DF000AFFC2 /* TopNavigation.xib */,
				DC3657B729FA55E9000AFFC2 /* TopNavigation.swift */,
			);
			path = "Top Navigation";
			sourceTree = "<group>";
		};
/* End PBXGroup section */

/* Begin PBXNativeTarget section */
		DC36572129FA4BAA000AFFC2 /* NY Times */ = {
			isa = PBXNativeTarget;
			buildConfigurationList = DC36574C29FA4BB7000AFFC2 /* Build configuration list for PBXNativeTarget "NY Times" */;
			buildPhases = (
				6F861DC0330A742F58516D74 /* [CP] Check Pods Manifest.lock */,
				DC36571E29FA4BAA000AFFC2 /* Sources */,
				DC36571F29FA4BAA000AFFC2 /* Frameworks */,
				DC36572029FA4BAA000AFFC2 /* Resources */,
				E4468D188E76A19F018B7CFB /* [CP] Embed Pods Frameworks */,
			);
			buildRules = (
			);
			dependencies = (
			);
			name = "NY Times";
			productName = "NY Times";
			productReference = DC36572229FA4BAA000AFFC2 /* NY Times.app */;
			productType = "com.apple.product-type.application";
		};
		DC36573729FA4BB6000AFFC2 /* NY TimesTests */ = {
			isa = PBXNativeTarget;
			buildConfigurationList = DC36574F29FA4BB7000AFFC2 /* Build configuration list for PBXNativeTarget "NY TimesTests" */;
			buildPhases = (
				DC36573429FA4BB6000AFFC2 /* Sources */,
				DC36573529FA4BB6000AFFC2 /* Frameworks */,
				DC36573629FA4BB6000AFFC2 /* Resources */,
			);
			buildRules = (
			);
			dependencies = (
				DC36573A29FA4BB7000AFFC2 /* PBXTargetDependency */,
			);
			name = "NY TimesTests";
			productName = "NY TimesTests";
			productReference = DC36573829FA4BB7000AFFC2 /* NY TimesTests.xctest */;
			productType = "com.apple.product-type.bundle.unit-test";
		};
		DC36574229FA4BB7000AFFC2 /* NY TimesUITests */ = {
			isa = PBXNativeTarget;
			buildConfigurationList = DC36575229FA4BB7000AFFC2 /* Build configuration list for PBXNativeTarget "NY TimesUITests" */;
			buildPhases = (
				DC36573F29FA4BB7000AFFC2 /* Sources */,
				DC36574029FA4BB7000AFFC2 /* Frameworks */,
				DC36574129FA4BB7000AFFC2 /* Resources */,
			);
			buildRules = (
			);
			dependencies = (
				DC36574529FA4BB7000AFFC2 /* PBXTargetDependency */,
			);
			name = "NY TimesUITests";
			productName = "NY TimesUITests";
			productReference = DC36574329FA4BB7000AFFC2 /* NY TimesUITests.xctest */;
			productType = "com.apple.product-type.bundle.ui-testing";
		};
/* End PBXNativeTarget section */

/* Begin PBXProject section */
		DC36571A29FA4BAA000AFFC2 /* Project object */ = {
			isa = PBXProject;
			attributes = {
				LastSwiftUpdateCheck = 1240;
				LastUpgradeCheck = 1240;
				TargetAttributes = {
					DC36572129FA4BAA000AFFC2 = {
						CreatedOnToolsVersion = 12.4;
					};
					DC36573729FA4BB6000AFFC2 = {
						CreatedOnToolsVersion = 12.4;
						TestTargetID = DC36572129FA4BAA000AFFC2;
					};
					DC36574229FA4BB7000AFFC2 = {
						CreatedOnToolsVersion = 12.4;
						TestTargetID = DC36572129FA4BAA000AFFC2;
					};
				};
			};
			buildConfigurationList = DC36571D29FA4BAA000AFFC2 /* Build configuration list for PBXProject "NY Times" */;
			compatibilityVersion = "Xcode 9.3";
			developmentRegion = en;
			hasScannedForEncodings = 0;
			knownRegions = (
				en,
				Base,
			);
			mainGroup = DC36571929FA4BAA000AFFC2;
			productRefGroup = DC36572329FA4BAA000AFFC2 /* Products */;
			projectDirPath = "";
			projectRoot = "";
			targets = (
				DC36572129FA4BAA000AFFC2 /* NY Times */,
				DC36573729FA4BB6000AFFC2 /* NY TimesTests */,
				DC36574229FA4BB7000AFFC2 /* NY TimesUITests */,
			);
		};
/* End PBXProject section */

/* Begin PBXResourcesBuildPhase section */
		DC36572029FA4BAA000AFFC2 /* Resources */ = {
			isa = PBXResourcesBuildPhase;
			buildActionMask = 2147483647;
			files = (
				DC36577C29FA4FA6000AFFC2 /* Quicksand-Bold.ttf in Resources */,
				DC36573229FA4BB6000AFFC2 /* LaunchScreen.storyboard in Resources */,
				DC2F6E8429FA682400B61CA2 /* HomeTableCell.xib in Resources */,
				DC36572F29FA4BB6000AFFC2 /* Assets.xcassets in Resources */,
				DC36572D29FA4BAA000AFFC2 /* Main.storyboard in Resources */,
				DC36577B29FA4FA6000AFFC2 /* Quicksand-Light.ttf in Resources */,
				DC3657B329FA55DF000AFFC2 /* TopNavigation.xib in Resources */,
				DC36577929FA4FA6000AFFC2 /* Quicksand-Regular.ttf in Resources */,
				DC36577A29FA4FA6000AFFC2 /* Quicksand-Medium.ttf in Resources */,
			);
			runOnlyForDeploymentPostprocessing = 0;
		};
		DC36573629FA4BB6000AFFC2 /* Resources */ = {
			isa = PBXResourcesBuildPhase;
			buildActionMask = 2147483647;
			files = (
			);
			runOnlyForDeploymentPostprocessing = 0;
		};
		DC36574129FA4BB7000AFFC2 /* Resources */ = {
			isa = PBXResourcesBuildPhase;
			buildActionMask = 2147483647;
			files = (
			);
			runOnlyForDeploymentPostprocessing = 0;
		};
/* End PBXResourcesBuildPhase section */

/* Begin PBXShellScriptBuildPhase section */
		6F861DC0330A742F58516D74 /* [CP] Check Pods Manifest.lock */ = {
			isa = PBXShellScriptBuildPhase;
			buildActionMask = 2147483647;
			files = (
			);
			inputFileListPaths = (
			);
			inputPaths = (
				"${PODS_PODFILE_DIR_PATH}/Podfile.lock",
				"${PODS_ROOT}/Manifest.lock",
			);
			name = "[CP] Check Pods Manifest.lock";
			outputFileListPaths = (
			);
			outputPaths = (
				"$(DERIVED_FILE_DIR)/Pods-NY Times-checkManifestLockResult.txt",
			);
			runOnlyForDeploymentPostprocessing = 0;
			shellPath = /bin/sh;
			shellScript = "diff \"${PODS_PODFILE_DIR_PATH}/Podfile.lock\" \"${PODS_ROOT}/Manifest.lock\" > /dev/null\nif [ $? != 0 ] ; then\n    # print error to STDERR\n    echo \"error: The sandbox is not in sync with the Podfile.lock. Run 'pod install' or update your CocoaPods installation.\" >&2\n    exit 1\nfi\n# This output is used by Xcode 'outputs' to avoid re-running this script phase.\necho \"SUCCESS\" > \"${SCRIPT_OUTPUT_FILE_0}\"\n";
			showEnvVarsInLog = 0;
		};
		E4468D188E76A19F018B7CFB /* [CP] Embed Pods Frameworks */ = {
			isa = PBXShellScriptBuildPhase;
			buildActionMask = 2147483647;
			files = (
			);
			inputFileListPaths = (
				"${PODS_ROOT}/Target Support Files/Pods-NY Times/Pods-NY Times-frameworks-${CONFIGURATION}-input-files.xcfilelist",
			);
			name = "[CP] Embed Pods Frameworks";
			outputFileListPaths = (
				"${PODS_ROOT}/Target Support Files/Pods-NY Times/Pods-NY Times-frameworks-${CONFIGURATION}-output-files.xcfilelist",
			);
			runOnlyForDeploymentPostprocessing = 0;
			shellPath = /bin/sh;
			shellScript = "\"${PODS_ROOT}/Target Support Files/Pods-NY Times/Pods-NY Times-frameworks.sh\"\n";
			showEnvVarsInLog = 0;
		};
/* End PBXShellScriptBuildPhase section */

/* Begin PBXSourcesBuildPhase section */
		DC36571E29FA4BAA000AFFC2 /* Sources */ = {
			isa = PBXSourcesBuildPhase;
			buildActionMask = 2147483647;
			files = (
				DC36572A29FA4BAA000AFFC2 /* ViewController.swift in Sources */,
				DC3657B829FA55E9000AFFC2 /* TopNavigation.swift in Sources */,
				DC36578F29FA53DE000AFFC2 /* EnvironmentConfigurations.swift in Sources */,
				DC2F6EB029FA9B2700B61CA2 /* MostPopularModel.swift in Sources */,
				DC2F6E8329FA682400B61CA2 /* HomeTableCell.swift in Sources */,
				DC2F6E8E29FA686C00B61CA2 /* UITableCell+Extensions.swift in Sources */,
				DC2F6EBD29FAD40800B61CA2 /* ErrorModel.swift in Sources */,
				DC2F6E7629FA65AB00B61CA2 /* UIView+EX.swift in Sources */,
				DC36578829FA5028000AFFC2 /* NYURL.swift in Sources */,
				DC01FF7429FC1F0F0030A3A8 /* StoryBoardName.swift in Sources */,
				DC2F6E9329FA6A4400B61CA2 /* UIButton+EX.swift in Sources */,
				DC2F6E8D29FA686C00B61CA2 /* UITableView+Extensions.swift in Sources */,
				DC36576729FA4E24000AFFC2 /* Colors.swift in Sources */,
				DC36577029FA4F3B000AFFC2 /* UIFont+Extension.swift in Sources */,
				DC2F6EA029FA960000B61CA2 /* NetworkServices.swift in Sources */,
				DC36572629FA4BAA000AFFC2 /* AppDelegate.swift in Sources */,
			);
			runOnlyForDeploymentPostprocessing = 0;
		};
		DC36573429FA4BB6000AFFC2 /* Sources */ = {
			isa = PBXSourcesBuildPhase;
			buildActionMask = 2147483647;
			files = (
				DC2F6EB829FAD15700B61CA2 /* ResponseTest.swift in Sources */,
				DC36573D29FA4BB7000AFFC2 /* NY_TimesTests.swift in Sources */,
			);
			runOnlyForDeploymentPostprocessing = 0;
		};
		DC36573F29FA4BB7000AFFC2 /* Sources */ = {
			isa = PBXSourcesBuildPhase;
			buildActionMask = 2147483647;
			files = (
				DC36574829FA4BB7000AFFC2 /* NY_TimesUITests.swift in Sources */,
			);
			runOnlyForDeploymentPostprocessing = 0;
		};
/* End PBXSourcesBuildPhase section */

/* Begin PBXTargetDependency section */
		DC36573A29FA4BB7000AFFC2 /* PBXTargetDependency */ = {
			isa = PBXTargetDependency;
			target = DC36572129FA4BAA000AFFC2 /* NY Times */;
			targetProxy = DC36573929FA4BB7000AFFC2 /* PBXContainerItemProxy */;
		};
		DC36574529FA4BB7000AFFC2 /* PBXTargetDependency */ = {
			isa = PBXTargetDependency;
			target = DC36572129FA4BAA000AFFC2 /* NY Times */;
			targetProxy = DC36574429FA4BB7000AFFC2 /* PBXContainerItemProxy */;
		};
/* End PBXTargetDependency section */

/* Begin PBXVariantGroup section */
		DC36572B29FA4BAA000AFFC2 /* Main.storyboard */ = {
			isa = PBXVariantGroup;
			children = (
				DC36572C29FA4BAA000AFFC2 /* Base */,
			);
			name = Main.storyboard;
			sourceTree = "<group>";
		};
		DC36573029FA4BB6000AFFC2 /* LaunchScreen.storyboard */ = {
			isa = PBXVariantGroup;
			children = (
				DC36573129FA4BB6000AFFC2 /* Base */,
			);
			name = LaunchScreen.storyboard;
			sourceTree = "<group>";
		};
/* End PBXVariantGroup section */

/* Begin XCBuildConfiguration section */
		DC36574A29FA4BB7000AFFC2 /* Debug */ = {
			isa = XCBuildConfiguration;
			buildSettings = {
				ALWAYS_SEARCH_USER_PATHS = NO;
				CLANG_ANALYZER_NONNULL = YES;
				CLANG_ANALYZER_NUMBER_OBJECT_CONVERSION = YES_AGGRESSIVE;
				CLANG_CXX_LANGUAGE_STANDARD = "gnu++14";
				CLANG_CXX_LIBRARY = "libc++";
				CLANG_ENABLE_MODULES = YES;
				CLANG_ENABLE_OBJC_ARC = YES;
				CLANG_ENABLE_OBJC_WEAK = YES;
				CLANG_WARN_BLOCK_CAPTURE_AUTORELEASING = YES;
				CLANG_WARN_BOOL_CONVERSION = YES;
				CLANG_WARN_COMMA = YES;
				CLANG_WARN_CONSTANT_CONVERSION = YES;
				CLANG_WARN_DEPRECATED_OBJC_IMPLEMENTATIONS = YES;
				CLANG_WARN_DIRECT_OBJC_ISA_USAGE = YES_ERROR;
				CLANG_WARN_DOCUMENTATION_COMMENTS = YES;
				CLANG_WARN_EMPTY_BODY = YES;
				CLANG_WARN_ENUM_CONVERSION = YES;
				CLANG_WARN_INFINITE_RECURSION = YES;
				CLANG_WARN_INT_CONVERSION = YES;
				CLANG_WARN_NON_LITERAL_NULL_CONVERSION = YES;
				CLANG_WARN_OBJC_IMPLICIT_RETAIN_SELF = YES;
				CLANG_WARN_OBJC_LITERAL_CONVERSION = YES;
				CLANG_WARN_OBJC_ROOT_CLASS = YES_ERROR;
				CLANG_WARN_QUOTED_INCLUDE_IN_FRAMEWORK_HEADER = YES;
				CLANG_WARN_RANGE_LOOP_ANALYSIS = YES;
				CLANG_WARN_STRICT_PROTOTYPES = YES;
				CLANG_WARN_SUSPICIOUS_MOVE = YES;
				CLANG_WARN_UNGUARDED_AVAILABILITY = YES_AGGRESSIVE;
				CLANG_WARN_UNREACHABLE_CODE = YES;
				CLANG_WARN__DUPLICATE_METHOD_MATCH = YES;
				COPY_PHASE_STRIP = NO;
				DEBUG_INFORMATION_FORMAT = dwarf;
				ENABLE_STRICT_OBJC_MSGSEND = YES;
				ENABLE_TESTABILITY = YES;
				GCC_C_LANGUAGE_STANDARD = gnu11;
				GCC_DYNAMIC_NO_PIC = NO;
				GCC_NO_COMMON_BLOCKS = YES;
				GCC_OPTIMIZATION_LEVEL = 0;
				GCC_PREPROCESSOR_DEFINITIONS = (
					"DEBUG=1",
					"$(inherited)",
				);
				GCC_WARN_64_TO_32_BIT_CONVERSION = YES;
				GCC_WARN_ABOUT_RETURN_TYPE = YES_ERROR;
				GCC_WARN_UNDECLARED_SELECTOR = YES;
				GCC_WARN_UNINITIALIZED_AUTOS = YES_AGGRESSIVE;
				GCC_WARN_UNUSED_FUNCTION = YES;
				GCC_WARN_UNUSED_VARIABLE = YES;
				IPHONEOS_DEPLOYMENT_TARGET = 14.4;
				MTL_ENABLE_DEBUG_INFO = INCLUDE_SOURCE;
				MTL_FAST_MATH = YES;
				ONLY_ACTIVE_ARCH = YES;
				SDKROOT = iphoneos;
				SWIFT_ACTIVE_COMPILATION_CONDITIONS = DEBUG;
				SWIFT_OPTIMIZATION_LEVEL = "-Onone";
			};
			name = Debug;
		};
		DC36574B29FA4BB7000AFFC2 /* Release */ = {
			isa = XCBuildConfiguration;
			buildSettings = {
				ALWAYS_SEARCH_USER_PATHS = NO;
				CLANG_ANALYZER_NONNULL = YES;
				CLANG_ANALYZER_NUMBER_OBJECT_CONVERSION = YES_AGGRESSIVE;
				CLANG_CXX_LANGUAGE_STANDARD = "gnu++14";
				CLANG_CXX_LIBRARY = "libc++";
				CLANG_ENABLE_MODULES = YES;
				CLANG_ENABLE_OBJC_ARC = YES;
				CLANG_ENABLE_OBJC_WEAK = YES;
				CLANG_WARN_BLOCK_CAPTURE_AUTORELEASING = YES;
				CLANG_WARN_BOOL_CONVERSION = YES;
				CLANG_WARN_COMMA = YES;
				CLANG_WARN_CONSTANT_CONVERSION = YES;
				CLANG_WARN_DEPRECATED_OBJC_IMPLEMENTATIONS = YES;
				CLANG_WARN_DIRECT_OBJC_ISA_USAGE = YES_ERROR;
				CLANG_WARN_DOCUMENTATION_COMMENTS = YES;
				CLANG_WARN_EMPTY_BODY = YES;
				CLANG_WARN_ENUM_CONVERSION = YES;
				CLANG_WARN_INFINITE_RECURSION = YES;
				CLANG_WARN_INT_CONVERSION = YES;
				CLANG_WARN_NON_LITERAL_NULL_CONVERSION = YES;
				CLANG_WARN_OBJC_IMPLICIT_RETAIN_SELF = YES;
				CLANG_WARN_OBJC_LITERAL_CONVERSION = YES;
				CLANG_WARN_OBJC_ROOT_CLASS = YES_ERROR;
				CLANG_WARN_QUOTED_INCLUDE_IN_FRAMEWORK_HEADER = YES;
				CLANG_WARN_RANGE_LOOP_ANALYSIS = YES;
				CLANG_WARN_STRICT_PROTOTYPES = YES;
				CLANG_WARN_SUSPICIOUS_MOVE = YES;
				CLANG_WARN_UNGUARDED_AVAILABILITY = YES_AGGRESSIVE;
				CLANG_WARN_UNREACHABLE_CODE = YES;
				CLANG_WARN__DUPLICATE_METHOD_MATCH = YES;
				COPY_PHASE_STRIP = NO;
				DEBUG_INFORMATION_FORMAT = "dwarf-with-dsym";
				ENABLE_NS_ASSERTIONS = NO;
				ENABLE_STRICT_OBJC_MSGSEND = YES;
				GCC_C_LANGUAGE_STANDARD = gnu11;
				GCC_NO_COMMON_BLOCKS = YES;
				GCC_WARN_64_TO_32_BIT_CONVERSION = YES;
				GCC_WARN_ABOUT_RETURN_TYPE = YES_ERROR;
				GCC_WARN_UNDECLARED_SELECTOR = YES;
				GCC_WARN_UNINITIALIZED_AUTOS = YES_AGGRESSIVE;
				GCC_WARN_UNUSED_FUNCTION = YES;
				GCC_WARN_UNUSED_VARIABLE = YES;
				IPHONEOS_DEPLOYMENT_TARGET = 14.4;
				MTL_ENABLE_DEBUG_INFO = NO;
				MTL_FAST_MATH = YES;
				SDKROOT = iphoneos;
				SWIFT_COMPILATION_MODE = wholemodule;
				SWIFT_OPTIMIZATION_LEVEL = "-O";
				VALIDATE_PRODUCT = YES;
			};
			name = Release;
		};
		DC36574D29FA4BB7000AFFC2 /* Debug */ = {
			isa = XCBuildConfiguration;
			baseConfigurationReference = 669CA50F8EFECBBA2C6B5075 /* Pods-NY Times.debug.xcconfig */;
			buildSettings = {
				ASSETCATALOG_COMPILER_APPICON_NAME = AppIcon;
				ASSETCATALOG_COMPILER_GLOBAL_ACCENT_COLOR_NAME = AccentColor;
				CODE_SIGN_STYLE = Automatic;
				INFOPLIST_FILE = "NY Times/App/Info Plists/Info.plist";
				LD_RUNPATH_SEARCH_PATHS = (
					"$(inherited)",
					"@executable_path/Frameworks",
				);
				PRODUCT_BUNDLE_IDENTIFIER = "ny.times.com.NY-Times";
				PRODUCT_NAME = "$(TARGET_NAME)";
				SWIFT_VERSION = 5.0;
				TARGETED_DEVICE_FAMILY = "1,2";
			};
			name = Debug;
		};
		DC36574E29FA4BB7000AFFC2 /* Release */ = {
			isa = XCBuildConfiguration;
			baseConfigurationReference = E4D1BBBB170ED146FBD04CC7 /* Pods-NY Times.release.xcconfig */;
			buildSettings = {
				ASSETCATALOG_COMPILER_APPICON_NAME = AppIcon;
				ASSETCATALOG_COMPILER_GLOBAL_ACCENT_COLOR_NAME = AccentColor;
				CODE_SIGN_STYLE = Automatic;
				INFOPLIST_FILE = "NY Times/App/Info Plists/Info.plist";
				LD_RUNPATH_SEARCH_PATHS = (
					"$(inherited)",
					"@executable_path/Frameworks",
				);
				PRODUCT_BUNDLE_IDENTIFIER = "ny.times.com.NY-Times";
				PRODUCT_NAME = "$(TARGET_NAME)";
				SWIFT_VERSION = 5.0;
				TARGETED_DEVICE_FAMILY = "1,2";
			};
			name = Release;
		};
		DC36575029FA4BB7000AFFC2 /* Debug */ = {
			isa = XCBuildConfiguration;
			buildSettings = {
				ALWAYS_EMBED_SWIFT_STANDARD_LIBRARIES = YES;
				BUNDLE_LOADER = "$(TEST_HOST)";
				CODE_SIGN_STYLE = Automatic;
				INFOPLIST_FILE = "NY TimesTests/Info.plist";
				IPHONEOS_DEPLOYMENT_TARGET = 14.4;
				LD_RUNPATH_SEARCH_PATHS = (
					"$(inherited)",
					"@executable_path/Frameworks",
					"@loader_path/Frameworks",
				);
				PRODUCT_BUNDLE_IDENTIFIER = "ny.times.com.NY-TimesTests";
				PRODUCT_NAME = "$(TARGET_NAME)";
				SWIFT_VERSION = 5.0;
				TARGETED_DEVICE_FAMILY = "1,2";
				TEST_HOST = "$(BUILT_PRODUCTS_DIR)/NY Times.app/NY Times";
			};
			name = Debug;
		};
		DC36575129FA4BB7000AFFC2 /* Release */ = {
			isa = XCBuildConfiguration;
			buildSettings = {
				ALWAYS_EMBED_SWIFT_STANDARD_LIBRARIES = YES;
				BUNDLE_LOADER = "$(TEST_HOST)";
				CODE_SIGN_STYLE = Automatic;
				INFOPLIST_FILE = "NY TimesTests/Info.plist";
				IPHONEOS_DEPLOYMENT_TARGET = 14.4;
				LD_RUNPATH_SEARCH_PATHS = (
					"$(inherited)",
					"@executable_path/Frameworks",
					"@loader_path/Frameworks",
				);
				PRODUCT_BUNDLE_IDENTIFIER = "ny.times.com.NY-TimesTests";
				PRODUCT_NAME = "$(TARGET_NAME)";
				SWIFT_VERSION = 5.0;
				TARGETED_DEVICE_FAMILY = "1,2";
				TEST_HOST = "$(BUILT_PRODUCTS_DIR)/NY Times.app/NY Times";
			};
			name = Release;
		};
		DC36575329FA4BB7000AFFC2 /* Debug */ = {
			isa = XCBuildConfiguration;
			buildSettings = {
				ALWAYS_EMBED_SWIFT_STANDARD_LIBRARIES = YES;
				CODE_SIGN_STYLE = Automatic;
				INFOPLIST_FILE = "NY TimesUITests/Info.plist";
				LD_RUNPATH_SEARCH_PATHS = (
					"$(inherited)",
					"@executable_path/Frameworks",
					"@loader_path/Frameworks",
				);
				PRODUCT_BUNDLE_IDENTIFIER = "ny.times.com.NY-TimesUITests";
				PRODUCT_NAME = "$(TARGET_NAME)";
				SWIFT_VERSION = 5.0;
				TARGETED_DEVICE_FAMILY = "1,2";
				TEST_TARGET_NAME = "NY Times";
			};
			name = Debug;
		};
		DC36575429FA4BB7000AFFC2 /* Release */ = {
			isa = XCBuildConfiguration;
			buildSettings = {
				ALWAYS_EMBED_SWIFT_STANDARD_LIBRARIES = YES;
				CODE_SIGN_STYLE = Automatic;
				INFOPLIST_FILE = "NY TimesUITests/Info.plist";
				LD_RUNPATH_SEARCH_PATHS = (
					"$(inherited)",
					"@executable_path/Frameworks",
					"@loader_path/Frameworks",
				);
				PRODUCT_BUNDLE_IDENTIFIER = "ny.times.com.NY-TimesUITests";
				PRODUCT_NAME = "$(TARGET_NAME)";
				SWIFT_VERSION = 5.0;
				TARGETED_DEVICE_FAMILY = "1,2";
				TEST_TARGET_NAME = "NY Times";
			};
			name = Release;
		};
/* End XCBuildConfiguration section */

/* Begin XCConfigurationList section */
		DC36571D29FA4BAA000AFFC2 /* Build configuration list for PBXProject "NY Times" */ = {
			isa = XCConfigurationList;
			buildConfigurations = (
				DC36574A29FA4BB7000AFFC2 /* Debug */,
				DC36574B29FA4BB7000AFFC2 /* Release */,
			);
			defaultConfigurationIsVisible = 0;
			defaultConfigurationName = Release;
		};
		DC36574C29FA4BB7000AFFC2 /* Build configuration list for PBXNativeTarget "NY Times" */ = {
			isa = XCConfigurationList;
			buildConfigurations = (
				DC36574D29FA4BB7000AFFC2 /* Debug */,
				DC36574E29FA4BB7000AFFC2 /* Release */,
			);
			defaultConfigurationIsVisible = 0;
			defaultConfigurationName = Release;
		};
		DC36574F29FA4BB7000AFFC2 /* Build configuration list for PBXNativeTarget "NY TimesTests" */ = {
			isa = XCConfigurationList;
			buildConfigurations = (
				DC36575029FA4BB7000AFFC2 /* Debug */,
				DC36575129FA4BB7000AFFC2 /* Release */,
			);
			defaultConfigurationIsVisible = 0;
			defaultConfigurationName = Release;
		};
		DC36575229FA4BB7000AFFC2 /* Build configuration list for PBXNativeTarget "NY TimesUITests" */ = {
			isa = XCConfigurationList;
			buildConfigurations = (
				DC36575329FA4BB7000AFFC2 /* Debug */,
				DC36575429FA4BB7000AFFC2 /* Release */,
			);
			defaultConfigurationIsVisible = 0;
			defaultConfigurationName = Release;
		};
/* End XCConfigurationList section */
	};
	rootObject = DC36571A29FA4BAA000AFFC2 /* Project object */;
}
